
Microsoft Visual Studio Solution File, Format Version 12.00
# Visual Studio Version 16
VisualStudioVersion = 16.0.31702.278
MinimumVisualStudioVersion = 10.0.40219.1
Project("{8BC9CEB8-8B4A-11D0-8D11-00A0C91BC942}") = "lab_2_5", "lab_2_5.vcxproj", "{41ED32D7-3FFB-4181-9B71-F59645E1CD33}"
EndProject
Project("{8BC9CEB8-8B4A-11D0-8D11-00A0C91BC942}") = "UnitTest1", "UnitTest1\UnitTest1.vcxproj", "{C42A03B6-E493-4D52-A8B1-C7AA7F343E31}"
EndProject
Global
	GlobalSection(SolutionConfigurationPlatforms) = preSolution
		Debug|x64 = Debug|x64
		Debug|x86 = Debug|x86
		Release|x64 = Release|x64
		Release|x86 = Release|x86
	EndGlobalSection
	GlobalSection(ProjectConfigurationPlatforms) = postSolution
		{41ED32D7-3FFB-4181-9B71-F59645E1CD33}.Debug|x64.ActiveCfg = Debug|x64
		{41ED32D7-3FFB-4181-9B71-F59645E1CD33}.Debug|x64.Build.0 = Debug|x64
		{41ED32D7-3FFB-4181-9B71-F59645E1CD33}.Debug|x86.ActiveCfg = Debug|Win32
		{41ED32D7-3FFB-4181-9B71-F59645E1CD33}.Debug|x86.Build.0 = Debug|Win32
		{41ED32D7-3FFB-4181-9B71-F59645E1CD33}.Release|x64.ActiveCfg = Release|x64
		{41ED32D7-3FFB-4181-9B71-F59645E1CD33}.Release|x64.Build.0 = Release|x64
		{41ED32D7-3FFB-4181-9B71-F59645E1CD33}.Release|x86.ActiveCfg = Release|Win32
		{41ED32D7-3FFB-4181-9B71-F59645E1CD33}.Release|x86.Build.0 = Release|Win32
		{C42A03B6-E493-4D52-A8B1-C7AA7F343E31}.Debug|x64.ActiveCfg = Debug|x64
		{C42A03B6-E493-4D52-A8B1-C7AA7F343E31}.Debug|x64.Build.0 = Debug|x64
		{C42A03B6-E493-4D52-A8B1-C7AA7F343E31}.Debug|x86.ActiveCfg = Debug|Win32
		{C42A03B6-E493-4D52-A8B1-C7AA7F343E31}.Debug|x86.Build.0 = Debug|Win32
		{C42A03B6-E493-4D52-A8B1-C7AA7F343E31}.Release|x64.ActiveCfg = Release|x64
		{C42A03B6-E493-4D52-A8B1-C7AA7F343E31}.Release|x64.Build.0 = Release|x64
		{C42A03B6-E493-4D52-A8B1-C7AA7F343E31}.Release|x86.ActiveCfg = Release|Win32
		{C42A03B6-E493-4D52-A8B1-C7AA7F343E31}.Release|x86.Build.0 = Release|Win32
	EndGlobalSection
	GlobalSection(SolutionProperties) = preSolution
		HideSolutionNode = FALSE
	EndGlobalSection
	GlobalSection(ExtensibilityGlobals) = postSolution
		SolutionGuid = {A7695407-0DD4-44EF-8AA1-7F48E94D6FE4}
	EndGlobalSection
EndGlobal
